
Microsoft Visual Studio Solution File, Format Version 12.00
# Visual Studio Version 17
VisualStudioVersion = 17.6.33829.357
MinimumVisualStudioVersion = 10.0.40219.1
Project("{FAE04EC0-301F-11D3-BF4B-00C04F79EFBC}") = "LoginRegister", "LoginRegister\LoginRegister.csproj", "{7EC2465C-B9EE-4AD0-B7A5-9C3A1A62CE0C}"
EndProject
Project("{FAE04EC0-301F-11D3-BF4B-00C04F79EFBC}") = "DataAccess.Layer", "DataAccess.Layer\DataAccess.Layer.csproj", "{09408BB1-1BAE-4A50-839A-35927D09298B}"
EndProject
Project("{FAE04EC0-301F-11D3-BF4B-00C04F79EFBC}") = "BusiniessServices.Layer", "BusiniessServices.Layer\BusiniessServices.Layer.csproj", "{C5B210F9-7942-4278-86D5-B39E6C4E9068}"
EndProject
Global
	GlobalSection(SolutionConfigurationPlatforms) = preSolution
		Debug|Any CPU = Debug|Any CPU
		Release|Any CPU = Release|Any CPU
	EndGlobalSection
	GlobalSection(ProjectConfigurationPlatforms) = postSolution
		{7EC2465C-B9EE-4AD0-B7A5-9C3A1A62CE0C}.Debug|Any CPU.ActiveCfg = Debug|Any CPU
		{7EC2465C-B9EE-4AD0-B7A5-9C3A1A62CE0C}.Debug|Any CPU.Build.0 = Debug|Any CPU
		{7EC2465C-B9EE-4AD0-B7A5-9C3A1A62CE0C}.Release|Any CPU.ActiveCfg = Release|Any CPU
		{7EC2465C-B9EE-4AD0-B7A5-9C3A1A62CE0C}.Release|Any CPU.Build.0 = Release|Any CPU
		{09408BB1-1BAE-4A50-839A-35927D09298B}.Debug|Any CPU.ActiveCfg = Debug|Any CPU
		{09408BB1-1BAE-4A50-839A-35927D09298B}.Debug|Any CPU.Build.0 = Debug|Any CPU
		{09408BB1-1BAE-4A50-839A-35927D09298B}.Release|Any CPU.ActiveCfg = Release|Any CPU
		{09408BB1-1BAE-4A50-839A-35927D09298B}.Release|Any CPU.Build.0 = Release|Any CPU
		{C5B210F9-7942-4278-86D5-B39E6C4E9068}.Debug|Any CPU.ActiveCfg = Debug|Any CPU
		{C5B210F9-7942-4278-86D5-B39E6C4E9068}.Debug|Any CPU.Build.0 = Debug|Any CPU
		{C5B210F9-7942-4278-86D5-B39E6C4E9068}.Release|Any CPU.ActiveCfg = Release|Any CPU
		{C5B210F9-7942-4278-86D5-B39E6C4E9068}.Release|Any CPU.Build.0 = Release|Any CPU
	EndGlobalSection
	GlobalSection(SolutionProperties) = preSolution
		HideSolutionNode = FALSE
	EndGlobalSection
	GlobalSection(ExtensibilityGlobals) = postSolution
		SolutionGuid = {C7046926-9CD6-40B3-BB27-26227CA6CD4D}
	EndGlobalSection
EndGlobal
